// !$*UTF8*$!
{
	archiveVersion = 1;
	classes = {
	};
	objectVersion = 46;
	objects = {

/* Begin PBXBuildFile section */
		CBA9C4AC1CC7BE7E008AEFD7 /* Cocoa.framework in Frameworks */ = {isa = PBXBuildFile; fileRef = CBA9C4AB1CC7BE7E008AEFD7 /* Cocoa.framework */; };
		CBCE0B08156689260020CCD3 /* main.m in Sources */ = {isa = PBXBuildFile; fileRef = CBCE0B07156689260020CCD3 /* main.m */; };
		CBCE0B0F156689260020CCD3 /* LIAppDelegate.m in Sources */ = {isa = PBXBuildFile; fileRef = CBCE0B0E156689260020CCD3 /* LIAppDelegate.m */; };
		CBCE0B12156689260020CCD3 /* MainMenu.xib in Resources */ = {isa = PBXBuildFile; fileRef = CBCE0B10156689260020CCD3 /* MainMenu.xib */; };
		CBCE0B1E156689B00020CCD3 /* VELoginItemsController.m in Sources */ = {isa = PBXBuildFile; fileRef = CBCE0B1D156689B00020CCD3 /* VELoginItemsController.m */; };
/* End PBXBuildFile section */

/* Begin PBXFileReference section */
		CBA9C4AB1CC7BE7E008AEFD7 /* Cocoa.framework */ = {isa = PBXFileReference; lastKnownFileType = wrapper.framework; name = Cocoa.framework; path = System/Library/Frameworks/Cocoa.framework; sourceTree = SDKROOT; };
		CBCE0AF7156689260020CCD3 /* Login Item.app */ = {isa = PBXFileReference; explicitFileType = wrapper.application; includeInIndex = 0; path = "Login Item.app"; sourceTree = BUILT_PRODUCTS_DIR; };
		CBCE0B03156689260020CCD3 /* Login Item-Info.plist */ = {isa = PBXFileReference; lastKnownFileType = text.plist.xml; path = "Login Item-Info.plist"; sourceTree = "<group>"; };
		CBCE0B07156689260020CCD3 /* main.m */ = {isa = PBXFileReference; lastKnownFileType = sourcecode.c.objc; path = main.m; sourceTree = "<group>"; };
		CBCE0B0D156689260020CCD3 /* LIAppDelegate.h */ = {isa = PBXFileReference; lastKnownFileType = sourcecode.c.h; path = LIAppDelegate.h; sourceTree = "<group>"; };
		CBCE0B0E156689260020CCD3 /* LIAppDelegate.m */ = {isa = PBXFileReference; lastKnownFileType = sourcecode.c.objc; path = LIAppDelegate.m; sourceTree = "<group>"; };
		CBCE0B11156689260020CCD3 /* en */ = {isa = PBXFileReference; lastKnownFileType = file.xib; name = en; path = en.lproj/MainMenu.xib; sourceTree = "<group>"; };
		CBCE0B1C156689B00020CCD3 /* VELoginItemsController.h */ = {isa = PBXFileReference; fileEncoding = 4; lastKnownFileType = sourcecode.c.h; path = VELoginItemsController.h; sourceTree = "<group>"; };
		CBCE0B1D156689B00020CCD3 /* VELoginItemsController.m */ = {isa = PBXFileReference; fileEncoding = 4; lastKnownFileType = sourcecode.c.objc; path = VELoginItemsController.m; sourceTree = "<group>"; };
/* End PBXFileReference section */

/* Begin PBXFrameworksBuildPhase section */
		CBCE0AF4156689260020CCD3 /* Frameworks */ = {
			isa = PBXFrameworksBuildPhase;
			buildActionMask = 2147483647;
			files = (
				CBA9C4AC1CC7BE7E008AEFD7 /* Cocoa.framework in Frameworks */,
			);
			runOnlyForDeploymentPostprocessing = 0;
		};
/* End PBXFrameworksBuildPhase section */

/* Begin PBXGroup section */
		CBA9C4AD1CC7BEA0008AEFD7 /* Frameworks */ = {
			isa = PBXGroup;
			children = (
				CBA9C4AB1CC7BE7E008AEFD7 /* Cocoa.framework */,
			);
			name = Frameworks;
			sourceTree = "<group>";
		};
		CBCE0AEC156689250020CCD3 = {
			isa = PBXGroup;
			children = (
				CBCE0B01156689260020CCD3 /* Login Item */,
				CBA9C4AD1CC7BEA0008AEFD7 /* Frameworks */,
				CBCE0AF8156689260020CCD3 /* Products */,
			);
			sourceTree = "<group>";
		};
		CBCE0AF8156689260020CCD3 /* Products */ = {
			isa = PBXGroup;
			children = (
				CBCE0AF7156689260020CCD3 /* Login Item.app */,
			);
			name = Products;
			sourceTree = "<group>";
		};
		CBCE0B01156689260020CCD3 /* Login Item */ = {
			isa = PBXGroup;
			children = (
				CBCE0B1C156689B00020CCD3 /* VELoginItemsController.h */,
				CBCE0B1D156689B00020CCD3 /* VELoginItemsController.m */,
				CBCE0B0D156689260020CCD3 /* LIAppDelegate.h */,
				CBCE0B0E156689260020CCD3 /* LIAppDelegate.m */,
				CBCE0B10156689260020CCD3 /* MainMenu.xib */,
				CBCE0B02156689260020CCD3 /* Supporting Files */,
			);
			path = "Login Item";
			sourceTree = "<group>";
		};
		CBCE0B02156689260020CCD3 /* Supporting Files */ = {
			isa = PBXGroup;
			children = (
				CBCE0B03156689260020CCD3 /* Login Item-Info.plist */,
				CBCE0B07156689260020CCD3 /* main.m */,
			);
			name = "Supporting Files";
			sourceTree = "<group>";
		};
/* End PBXGroup section */

/* Begin PBXNativeTarget section */
		CBCE0AF6156689260020CCD3 /* Login Item */ = {
			isa = PBXNativeTarget;
			buildConfigurationList = CBCE0B15156689260020CCD3 /* Build configuration list for PBXNativeTarget "Login Item" */;
			buildPhases = (
				CBCE0AF3156689260020CCD3 /* Sources */,
				CBCE0AF4156689260020CCD3 /* Frameworks */,
				CBCE0AF5156689260020CCD3 /* Resources */,
			);
			buildRules = (
			);
			dependencies = (
			);
			name = "Login Item";
			productName = "Login Item";
			productReference = CBCE0AF7156689260020CCD3 /* Login Item.app */;
			productType = "com.apple.product-type.application";
		};
/* End PBXNativeTarget section */

/* Begin PBXProject section */
		CBCE0AEE156689250020CCD3 /* Project object */ = {
			isa = PBXProject;
			attributes = {
				CLASSPREFIX = VE;
				LastUpgradeCheck = 0730;
				ORGANIZATIONNAME = "Voodoo Ergonomics Inc.";
			};
			buildConfigurationList = CBCE0AF1156689250020CCD3 /* Build configuration list for PBXProject "Login Item" */;
			compatibilityVersion = "Xcode 3.2";
			developmentRegion = English;
			hasScannedForEncodings = 0;
			knownRegions = (
				en,
			);
			mainGroup = CBCE0AEC156689250020CCD3;
			productRefGroup = CBCE0AF8156689260020CCD3 /* Products */;
			projectDirPath = "";
			projectRoot = "";
			targets = (
				CBCE0AF6156689260020CCD3 /* Login Item */,
			);
		};
/* End PBXProject section */

/* Begin PBXResourcesBuildPhase section */
		CBCE0AF5156689260020CCD3 /* Resources */ = {
			isa = PBXResourcesBuildPhase;
			buildActionMask = 2147483647;
			files = (
				CBCE0B12156689260020CCD3 /* MainMenu.xib in Resources */,
			);
			runOnlyForDeploymentPostprocessing = 0;
		};
/* End PBXResourcesBuildPhase section */

/* Begin PBXSourcesBuildPhase section */
		CBCE0AF3156689260020CCD3 /* Sources */ = {
			isa = PBXSourcesBuildPhase;
			buildActionMask = 2147483647;
			files = (
				CBCE0B08156689260020CCD3 /* main.m in Sources */,
				CBCE0B0F156689260020CCD3 /* LIAppDelegate.m in Sources */,
				CBCE0B1E156689B00020CCD3 /* VELoginItemsController.m in Sources */,
			);
			runOnlyForDeploymentPostprocessing = 0;
		};
/* End PBXSourcesBuildPhase section */

/* Begin PBXVariantGroup section */
		CBCE0B10156689260020CCD3 /* MainMenu.xib */ = {
			isa = PBXVariantGroup;
			children = (
				CBCE0B11156689260020CCD3 /* en */,
			);
			name = MainMenu.xib;
			sourceTree = "<group>";
		};
/* End PBXVariantGroup section */

/* Begin XCBuildConfiguration section */
		CBCE0B13156689260020CCD3 /* Debug */ = {
			isa = XCBuildConfiguration;
			buildSettings = {
				ALWAYS_SEARCH_USER_PATHS = NO;
				CLANG_ENABLE_OBJC_ARC = YES;
				CLANG_WARN_BOOL_CONVERSION = YES;
				CLANG_WARN_CONSTANT_CONVERSION = YES;
				CLANG_WARN_EMPTY_BODY = YES;
				CLANG_WARN_ENUM_CONVERSION = YES;
				CLANG_WARN_INT_CONVERSION = YES;
				CLANG_WARN_UNREACHABLE_CODE = YES;
				CLANG_WARN__DUPLICATE_METHOD_MATCH = YES;
				COPY_PHASE_STRIP = NO;
				ENABLE_STRICT_OBJC_MSGSEND = YES;
				ENABLE_TESTABILITY = YES;
				GCC_C_LANGUAGE_STANDARD = gnu99;
				GCC_DYNAMIC_NO_PIC = NO;
				GCC_ENABLE_OBJC_EXCEPTIONS = YES;
				GCC_NO_COMMON_BLOCKS = YES;
				GCC_OPTIMIZATION_LEVEL = 0;
				GCC_PREPROCESSOR_DEFINITIONS = (
					"DEBUG=1",
					"$(inherited)",
				);
				GCC_SYMBOLS_PRIVATE_EXTERN = NO;
				GCC_VERSION = com.apple.compilers.llvm.clang.1_0;
				GCC_WARN_64_TO_32_BIT_CONVERSION = YES;
				GCC_WARN_ABOUT_RETURN_TYPE = YES;
				GCC_WARN_UNDECLARED_SELECTOR = YES;
				GCC_WARN_UNINITIALIZED_AUTOS = YES;
				GCC_WARN_UNUSED_FUNCTION = YES;
				GCC_WARN_UNUSED_VARIABLE = YES;
				MACOSX_DEPLOYMENT_TARGET = 10.10;
				ONLY_ACTIVE_ARCH = YES;
				SDKROOT = macosx;
			};
			name = Debug;
		};
		CBCE0B14156689260020CCD3 /* Release */ = {
			isa = XCBuildConfiguration;
			buildSettings = {
				ALWAYS_SEARCH_USER_PATHS = NO;
				CLANG_ENABLE_OBJC_ARC = YES;
				CLANG_WARN_BOOL_CONVERSION = YES;
				CLANG_WARN_CONSTANT_CONVERSION = YES;
				CLANG_WARN_EMPTY_BODY = YES;
				CLANG_WARN_ENUM_CONVERSION = YES;
				CLANG_WARN_INT_CONVERSION = YES;
				CLANG_WARN_UNREACHABLE_CODE = YES;
				CLANG_WARN__DUPLICATE_METHOD_MATCH = YES;
				COPY_PHASE_STRIP = YES;
				DEBUG_INFORMATION_FORMAT = "dwarf-with-dsym";
				ENABLE_STRICT_OBJC_MSGSEND = YES;
				GCC_C_LANGUAGE_STANDARD = gnu99;
				GCC_ENABLE_OBJC_EXCEPTIONS = YES;
				GCC_NO_COMMON_BLOCKS = YES;
				GCC_VERSION = com.apple.compilers.llvm.clang.1_0;
				GCC_WARN_64_TO_32_BIT_CONVERSION = YES;
				GCC_WARN_ABOUT_RETURN_TYPE = YES;
				GCC_WARN_UNDECLARED_SELECTOR = YES;
				GCC_WARN_UNINITIALIZED_AUTOS = YES;
				GCC_WARN_UNUSED_FUNCTION = YES;
				GCC_WARN_UNUSED_VARIABLE = YES;
				MACOSX_DEPLOYMENT_TARGET = 10.10;
				SDKROOT = macosx;
			};
			name = Release;
		};
		CBCE0B16156689260020CCD3 /* Debug */ = {
			isa = XCBuildConfiguration;
			buildSettings = {
				COMBINE_HIDPI_IMAGES = YES;
				INFOPLIST_FILE = "Login Item/Login Item-Info.plist";
				PRODUCT_BUNDLE_IDENTIFIER = "com.voodooergonomics.${PRODUCT_NAME:rfc1034identifier}";
				PRODUCT_NAME = "$(TARGET_NAME)";
				WRAPPER_EXTENSION = app;
			};
			name = Debug;
		};
		CBCE0B17156689260020CCD3 /* Release */ = {
			isa = XCBuildConfiguration;
			buildSettings = {
				COMBINE_HIDPI_IMAGES = YES;
				INFOPLIST_FILE = "Login Item/Login Item-Info.plist";
				PRODUCT_BUNDLE_IDENTIFIER = "com.voodooergonomics.${PRODUCT_NAME:rfc1034identifier}";
				PRODUCT_NAME = "$(TARGET_NAME)";
				WRAPPER_EXTENSION = app;
			};
			name = Release;
		};
/* End XCBuildConfiguration section */

/* Begin XCConfigurationList section */
		CBCE0AF1156689250020CCD3 /* Build configuration list for PBXProject "Login Item" */ = {
			isa = XCConfigurationList;
			buildConfigurations = (
				CBCE0B13156689260020CCD3 /* Debug */,
				CBCE0B14156689260020CCD3 /* Release */,
			);
			defaultConfigurationIsVisible = 0;
			defaultConfigurationName = Release;
		};
		CBCE0B15156689260020CCD3 /* Build configuration list for PBXNativeTarget "Login Item" */ = {
			isa = XCConfigurationList;
			buildConfigurations = (
				CBCE0B16156689260020CCD3 /* Debug */,
				CBCE0B17156689260020CCD3 /* Release */,
			);
			defaultConfigurationIsVisible = 0;
			defaultConfigurationName = Release;
		};
/* End XCConfigurationList section */
	};
	rootObject = CBCE0AEE156689250020CCD3 /* Project object */;
}
